
Microsoft Visual Studio Solution File, Format Version 11.00
# Visual Studio 2010
Project("{FAE04EC0-301F-11D3-BF4B-00C04F79EFBC}") = "Oculus.Platform", "Oculus.Platform.csproj", "{e325444b-6f34-d982-09ac-9514dbc75401}"
EndProject
Project("{FAE04EC0-301F-11D3-BF4B-00C04F79EFBC}") = "Assembly-CSharp", "Assembly-CSharp.csproj", "{63f48265-7ee4-5b3d-09de-0e8fc25288d5}"
EndProject
Project("{FAE04EC0-301F-11D3-BF4B-00C04F79EFBC}") = "Oculus.Interaction", "Oculus.Interaction.csproj", "{10681228-2d70-fe49-2f71-e46dba282d51}"
EndProject
Project("{FAE04EC0-301F-11D3-BF4B-00C04F79EFBC}") = "Oculus.VR", "Oculus.VR.csproj", "{178c9652-2445-399c-4eb5-94bd19b2c553}"
EndProject
Project("{FAE04EC0-301F-11D3-BF4B-00C04F79EFBC}") = "VoiceSDK.Runtime", "VoiceSDK.Runtime.csproj", "{4933b6fb-b0d6-6bf7-3e94-1deacbc16fb1}"
EndProject
Project("{FAE04EC0-301F-11D3-BF4B-00C04F79EFBC}") = "Oculus.Interaction.Samples", "Oculus.Interaction.Samples.csproj", "{f45a92c2-0da7-482b-26ad-bb3dc8d7d84a}"
EndProject
Project("{FAE04EC0-301F-11D3-BF4B-00C04F79EFBC}") = "Facebook.WitAI", "Facebook.WitAI.csproj", "{f6cad759-8a23-1f7e-a295-5b291a2c2969}"
EndProject
Project("{FAE04EC0-301F-11D3-BF4B-00C04F79EFBC}") = "AssistantCoreSDKRuntime", "AssistantCoreSDKRuntime.csproj", "{e88c9639-a29b-2515-6075-74416d5c8975}"
EndProject
Project("{FAE04EC0-301F-11D3-BF4B-00C04F79EFBC}") = "Runtime", "Runtime.csproj", "{b5e120c4-6f06-32d8-0622-13722beae900}"
EndProject
Project("{FAE04EC0-301F-11D3-BF4B-00C04F79EFBC}") = "Oculus.AudioManager", "Oculus.AudioManager.csproj", "{2364202a-4a62-57b6-ac72-ae2bbf1287cd}"
EndProject
Project("{FAE04EC0-301F-11D3-BF4B-00C04F79EFBC}") = "Oculus.LipSync", "Oculus.LipSync.csproj", "{950d9f29-7058-95f1-649c-cf9457d2fa3f}"
EndProject
Project("{FAE04EC0-301F-11D3-BF4B-00C04F79EFBC}") = "Oculus.Spatializer", "Oculus.Spatializer.csproj", "{f9640b50-e54f-8537-6766-13ff43af895f}"
EndProject
Project("{FAE04EC0-301F-11D3-BF4B-00C04F79EFBC}") = "Oculus.Interaction.Editor", "Oculus.Interaction.Editor.csproj", "{0765955f-6164-e989-03f9-255d41aafeaa}"
EndProject
Project("{FAE04EC0-301F-11D3-BF4B-00C04F79EFBC}") = "Assembly-CSharp-Editor", "Assembly-CSharp-Editor.csproj", "{4bf7e55c-1d2a-44cd-8fc1-77983fbc4874}"
EndProject
Project("{FAE04EC0-301F-11D3-BF4B-00C04F79EFBC}") = "Facebook.Wit.Editor", "Facebook.Wit.Editor.csproj", "{05997350-60d8-6380-b3b8-fbdacaad0b47}"
EndProject
Project("{FAE04EC0-301F-11D3-BF4B-00C04F79EFBC}") = "Oculus.Platform.Editor", "Oculus.Platform.Editor.csproj", "{e87c09c2-6e4f-b0a0-b493-d0fc1418b845}"
EndProject
Project("{FAE04EC0-301F-11D3-BF4B-00C04F79EFBC}") = "VoiceSDK.Editor", "VoiceSDK.Editor.csproj", "{754c533d-5df8-48b5-9a7f-7a0b0f12d4d5}"
EndProject
Project("{FAE04EC0-301F-11D3-BF4B-00C04F79EFBC}") = "Oculus.AudioManager.Audio.Editor", "Oculus.AudioManager.Audio.Editor.csproj", "{e493f785-193c-63fa-c528-cd38a67d8e6a}"
EndProject
Project("{FAE04EC0-301F-11D3-BF4B-00C04F79EFBC}") = "Oculus.VR.Scripts.Editor", "Oculus.VR.Scripts.Editor.csproj", "{10114340-229d-18f2-f6d0-b1fbaf91d396}"
EndProject
Project("{FAE04EC0-301F-11D3-BF4B-00C04F79EFBC}") = "Unity.XR.Management.Samples.Editor", "Unity.XR.Management.Samples.Editor.csproj", "{c6fcd539-02b1-b439-1a4c-34141e111d9e}"
EndProject
Project("{FAE04EC0-301F-11D3-BF4B-00C04F79EFBC}") = "Oculus.VR.Editor", "Oculus.VR.Editor.csproj", "{caf021f9-9727-220b-c3f8-3bbc86bcf62c}"
EndProject
Project("{FAE04EC0-301F-11D3-BF4B-00C04F79EFBC}") = "Oculus.LipSync.Editor", "Oculus.LipSync.Editor.csproj", "{0edda6f6-5abb-db9d-34c5-e9a28dfa0611}"
EndProject
Project("{FAE04EC0-301F-11D3-BF4B-00C04F79EFBC}") = "Unity.XR.Management.Samples", "Unity.XR.Management.Samples.csproj", "{f8710902-11bd-3caf-f0e7-76fcb31209e2}"
EndProject
Project("{FAE04EC0-301F-11D3-BF4B-00C04F79EFBC}") = "Oculus.AudioManager.Utils.Editor", "Oculus.AudioManager.Utils.Editor.csproj", "{8228f39c-0424-0f07-1360-ede1a197cf15}"
EndProject
Project("{FAE04EC0-301F-11D3-BF4B-00C04F79EFBC}") = "Oculus.Spatializer.Editor", "Oculus.Spatializer.Editor.csproj", "{23155c24-edc8-eb0d-d56a-8bef38012b2a}"
EndProject
Project("{FAE04EC0-301F-11D3-BF4B-00C04F79EFBC}") = "Oculus.Interaction.InterfaceSupport", "Oculus.Interaction.InterfaceSupport.csproj", "{7dbd2a75-96ba-4ec4-8a68-c7465f4eff34}"
EndProject
Project("{FAE04EC0-301F-11D3-BF4B-00C04F79EFBC}") = "AssistantCoreSDKEditor", "AssistantCoreSDKEditor.csproj", "{f2aa5003-b92d-ab1b-86d0-e6140cae5f64}"
EndProject
Global
	GlobalSection(SolutionConfigurationPlatforms) = preSolution
		Debug|Any CPU = Debug|Any CPU
	EndGlobalSection
	GlobalSection(ProjectConfigurationPlatforms) = postSolution
		{e325444b-6f34-d982-09ac-9514dbc75401}.Debug|Any CPU.ActiveCfg = Debug|Any CPU
		{e325444b-6f34-d982-09ac-9514dbc75401}.Debug|Any CPU.Build.0 = Debug|Any CPU
		{63f48265-7ee4-5b3d-09de-0e8fc25288d5}.Debug|Any CPU.ActiveCfg = Debug|Any CPU
		{63f48265-7ee4-5b3d-09de-0e8fc25288d5}.Debug|Any CPU.Build.0 = Debug|Any CPU
		{10681228-2d70-fe49-2f71-e46dba282d51}.Debug|Any CPU.ActiveCfg = Debug|Any CPU
		{10681228-2d70-fe49-2f71-e46dba282d51}.Debug|Any CPU.Build.0 = Debug|Any CPU
		{178c9652-2445-399c-4eb5-94bd19b2c553}.Debug|Any CPU.ActiveCfg = Debug|Any CPU
		{178c9652-2445-399c-4eb5-94bd19b2c553}.Debug|Any CPU.Build.0 = Debug|Any CPU
		{4933b6fb-b0d6-6bf7-3e94-1deacbc16fb1}.Debug|Any CPU.ActiveCfg = Debug|Any CPU
		{4933b6fb-b0d6-6bf7-3e94-1deacbc16fb1}.Debug|Any CPU.Build.0 = Debug|Any CPU
		{f45a92c2-0da7-482b-26ad-bb3dc8d7d84a}.Debug|Any CPU.ActiveCfg = Debug|Any CPU
		{f45a92c2-0da7-482b-26ad-bb3dc8d7d84a}.Debug|Any CPU.Build.0 = Debug|Any CPU
		{f6cad759-8a23-1f7e-a295-5b291a2c2969}.Debug|Any CPU.ActiveCfg = Debug|Any CPU
		{f6cad759-8a23-1f7e-a295-5b291a2c2969}.Debug|Any CPU.Build.0 = Debug|Any CPU
		{e88c9639-a29b-2515-6075-74416d5c8975}.Debug|Any CPU.ActiveCfg = Debug|Any CPU
		{e88c9639-a29b-2515-6075-74416d5c8975}.Debug|Any CPU.Build.0 = Debug|Any CPU
		{b5e120c4-6f06-32d8-0622-13722beae900}.Debug|Any CPU.ActiveCfg = Debug|Any CPU
		{b5e120c4-6f06-32d8-0622-13722beae900}.Debug|Any CPU.Build.0 = Debug|Any CPU
		{2364202a-4a62-57b6-ac72-ae2bbf1287cd}.Debug|Any CPU.ActiveCfg = Debug|Any CPU
		{2364202a-4a62-57b6-ac72-ae2bbf1287cd}.Debug|Any CPU.Build.0 = Debug|Any CPU
		{950d9f29-7058-95f1-649c-cf9457d2fa3f}.Debug|Any CPU.ActiveCfg = Debug|Any CPU
		{950d9f29-7058-95f1-649c-cf9457d2fa3f}.Debug|Any CPU.Build.0 = Debug|Any CPU
		{f9640b50-e54f-8537-6766-13ff43af895f}.Debug|Any CPU.ActiveCfg = Debug|Any CPU
		{f9640b50-e54f-8537-6766-13ff43af895f}.Debug|Any CPU.Build.0 = Debug|Any CPU
		{0765955f-6164-e989-03f9-255d41aafeaa}.Debug|Any CPU.ActiveCfg = Debug|Any CPU
		{0765955f-6164-e989-03f9-255d41aafeaa}.Debug|Any CPU.Build.0 = Debug|Any CPU
		{4bf7e55c-1d2a-44cd-8fc1-77983fbc4874}.Debug|Any CPU.ActiveCfg = Debug|Any CPU
		{4bf7e55c-1d2a-44cd-8fc1-77983fbc4874}.Debug|Any CPU.Build.0 = Debug|Any CPU
		{05997350-60d8-6380-b3b8-fbdacaad0b47}.Debug|Any CPU.ActiveCfg = Debug|Any CPU
		{05997350-60d8-6380-b3b8-fbdacaad0b47}.Debug|Any CPU.Build.0 = Debug|Any CPU
		{e87c09c2-6e4f-b0a0-b493-d0fc1418b845}.Debug|Any CPU.ActiveCfg = Debug|Any CPU
		{e87c09c2-6e4f-b0a0-b493-d0fc1418b845}.Debug|Any CPU.Build.0 = Debug|Any CPU
		{754c533d-5df8-48b5-9a7f-7a0b0f12d4d5}.Debug|Any CPU.ActiveCfg = Debug|Any CPU
		{754c533d-5df8-48b5-9a7f-7a0b0f12d4d5}.Debug|Any CPU.Build.0 = Debug|Any CPU
		{e493f785-193c-63fa-c528-cd38a67d8e6a}.Debug|Any CPU.ActiveCfg = Debug|Any CPU
		{e493f785-193c-63fa-c528-cd38a67d8e6a}.Debug|Any CPU.Build.0 = Debug|Any CPU
		{10114340-229d-18f2-f6d0-b1fbaf91d396}.Debug|Any CPU.ActiveCfg = Debug|Any CPU
		{10114340-229d-18f2-f6d0-b1fbaf91d396}.Debug|Any CPU.Build.0 = Debug|Any CPU
		{c6fcd539-02b1-b439-1a4c-34141e111d9e}.Debug|Any CPU.ActiveCfg = Debug|Any CPU
		{c6fcd539-02b1-b439-1a4c-34141e111d9e}.Debug|Any CPU.Build.0 = Debug|Any CPU
		{caf021f9-9727-220b-c3f8-3bbc86bcf62c}.Debug|Any CPU.ActiveCfg = Debug|Any CPU
		{caf021f9-9727-220b-c3f8-3bbc86bcf62c}.Debug|Any CPU.Build.0 = Debug|Any CPU
		{0edda6f6-5abb-db9d-34c5-e9a28dfa0611}.Debug|Any CPU.ActiveCfg = Debug|Any CPU
		{0edda6f6-5abb-db9d-34c5-e9a28dfa0611}.Debug|Any CPU.Build.0 = Debug|Any CPU
		{f8710902-11bd-3caf-f0e7-76fcb31209e2}.Debug|Any CPU.ActiveCfg = Debug|Any CPU
		{f8710902-11bd-3caf-f0e7-76fcb31209e2}.Debug|Any CPU.Build.0 = Debug|Any CPU
		{8228f39c-0424-0f07-1360-ede1a197cf15}.Debug|Any CPU.ActiveCfg = Debug|Any CPU
		{8228f39c-0424-0f07-1360-ede1a197cf15}.Debug|Any CPU.Build.0 = Debug|Any CPU
		{23155c24-edc8-eb0d-d56a-8bef38012b2a}.Debug|Any CPU.ActiveCfg = Debug|Any CPU
		{23155c24-edc8-eb0d-d56a-8bef38012b2a}.Debug|Any CPU.Build.0 = Debug|Any CPU
		{7dbd2a75-96ba-4ec4-8a68-c7465f4eff34}.Debug|Any CPU.ActiveCfg = Debug|Any CPU
		{7dbd2a75-96ba-4ec4-8a68-c7465f4eff34}.Debug|Any CPU.Build.0 = Debug|Any CPU
		{f2aa5003-b92d-ab1b-86d0-e6140cae5f64}.Debug|Any CPU.ActiveCfg = Debug|Any CPU
		{f2aa5003-b92d-ab1b-86d0-e6140cae5f64}.Debug|Any CPU.Build.0 = Debug|Any CPU
	EndGlobalSection
	GlobalSection(SolutionProperties) = preSolution
		HideSolutionNode = FALSE
	EndGlobalSection
EndGlobal
