
Microsoft Visual Studio Solution File, Format Version 11.00
# Visual Studio 2010
Project("{FAE04EC0-301F-11D3-BF4B-00C04F79EFBC}") = "Oculus.Platform", "Oculus.Platform.csproj", "{b613f1bf-52f9-126d-ed75-587d293fdebd}"
EndProject
Project("{FAE04EC0-301F-11D3-BF4B-00C04F79EFBC}") = "Assembly-CSharp", "Assembly-CSharp.csproj", "{c39ae4d5-0c76-aaaa-2a3b-0a11b2ef3428}"
EndProject
Project("{FAE04EC0-301F-11D3-BF4B-00C04F79EFBC}") = "Oculus.Interaction", "Oculus.Interaction.csproj", "{e935ec72-0f90-80f2-1e4c-9908a960faed}"
EndProject
Project("{FAE04EC0-301F-11D3-BF4B-00C04F79EFBC}") = "Oculus.VR", "Oculus.VR.csproj", "{25d1f446-d7bf-c218-2815-d5f0aeaabf27}"
EndProject
Project("{FAE04EC0-301F-11D3-BF4B-00C04F79EFBC}") = "VoiceSDK.Runtime", "VoiceSDK.Runtime.csproj", "{45f2bc6f-bc8e-cb6f-dfa8-241b6b05d490}"
EndProject
Project("{FAE04EC0-301F-11D3-BF4B-00C04F79EFBC}") = "Oculus.Interaction.Samples", "Oculus.Interaction.Samples.csproj", "{a247af19-8ea9-fd08-6953-7f3f89057870}"
EndProject
Project("{FAE04EC0-301F-11D3-BF4B-00C04F79EFBC}") = "Facebook.WitAI", "Facebook.WitAI.csproj", "{ba55592f-79e3-0e45-a63e-c505c949e393}"
EndProject
Project("{FAE04EC0-301F-11D3-BF4B-00C04F79EFBC}") = "AssistantCoreSDKRuntime", "AssistantCoreSDKRuntime.csproj", "{677fd6a9-19f1-624b-9d3f-00099f237756}"
EndProject
Project("{FAE04EC0-301F-11D3-BF4B-00C04F79EFBC}") = "Runtime", "Runtime.csproj", "{3be1d551-ddb7-7c42-a150-add0c0e6845c}"
EndProject
Project("{FAE04EC0-301F-11D3-BF4B-00C04F79EFBC}") = "Oculus.AudioManager", "Oculus.AudioManager.csproj", "{5b590b96-2d67-83d4-6341-e982e0619249}"
EndProject
Project("{FAE04EC0-301F-11D3-BF4B-00C04F79EFBC}") = "Oculus.LipSync", "Oculus.LipSync.csproj", "{68c78fb5-6736-e6e7-b95f-85316a7a843d}"
EndProject
Project("{FAE04EC0-301F-11D3-BF4B-00C04F79EFBC}") = "Oculus.Spatializer", "Oculus.Spatializer.csproj", "{2092f015-2b17-3f0b-6e2e-3972999401ce}"
EndProject
Project("{FAE04EC0-301F-11D3-BF4B-00C04F79EFBC}") = "Oculus.Interaction.Editor", "Oculus.Interaction.Editor.csproj", "{52f2dae7-77c0-3378-2407-33fb30136b6a}"
EndProject
Project("{FAE04EC0-301F-11D3-BF4B-00C04F79EFBC}") = "Assembly-CSharp-Editor", "Assembly-CSharp-Editor.csproj", "{23c7d45c-9f65-985d-bc95-9bbee95d4b70}"
EndProject
Project("{FAE04EC0-301F-11D3-BF4B-00C04F79EFBC}") = "Facebook.Wit.Editor", "Facebook.Wit.Editor.csproj", "{dd5e4d3c-1a04-b16a-6223-f01de8af998c}"
EndProject
Project("{FAE04EC0-301F-11D3-BF4B-00C04F79EFBC}") = "Oculus.Platform.Editor", "Oculus.Platform.Editor.csproj", "{72267e55-5d36-255b-089b-26b05a9f9c03}"
EndProject
Project("{FAE04EC0-301F-11D3-BF4B-00C04F79EFBC}") = "VoiceSDK.Editor", "VoiceSDK.Editor.csproj", "{0e03f2c7-9f8e-7771-15ca-33d5881eb0e2}"
EndProject
Project("{FAE04EC0-301F-11D3-BF4B-00C04F79EFBC}") = "Oculus.AudioManager.Audio.Editor", "Oculus.AudioManager.Audio.Editor.csproj", "{d0a6389d-c7ab-3ed3-4bd8-359f523e40b3}"
EndProject
Project("{FAE04EC0-301F-11D3-BF4B-00C04F79EFBC}") = "Oculus.VR.Scripts.Editor", "Oculus.VR.Scripts.Editor.csproj", "{1aa4e8cf-d983-9e83-e42a-601361280083}"
EndProject
Project("{FAE04EC0-301F-11D3-BF4B-00C04F79EFBC}") = "Unity.XR.Management.Samples.Editor", "Unity.XR.Management.Samples.Editor.csproj", "{8c95565e-4d37-c3a6-deaa-1440044b6e81}"
EndProject
Project("{FAE04EC0-301F-11D3-BF4B-00C04F79EFBC}") = "Oculus.VR.Editor", "Oculus.VR.Editor.csproj", "{997d17d7-883c-22b8-38cd-0d0a81f9ce69}"
EndProject
Project("{FAE04EC0-301F-11D3-BF4B-00C04F79EFBC}") = "Oculus.LipSync.Editor", "Oculus.LipSync.Editor.csproj", "{734f4f63-2226-78fa-f9b2-673d31a15bd8}"
EndProject
Project("{FAE04EC0-301F-11D3-BF4B-00C04F79EFBC}") = "Unity.XR.Management.Samples", "Unity.XR.Management.Samples.csproj", "{54e60230-3b50-0203-c231-d3c6bca20663}"
EndProject
Project("{FAE04EC0-301F-11D3-BF4B-00C04F79EFBC}") = "Oculus.AudioManager.Utils.Editor", "Oculus.AudioManager.Utils.Editor.csproj", "{e28b2915-6543-d4d9-72f2-4a4623554a64}"
EndProject
Project("{FAE04EC0-301F-11D3-BF4B-00C04F79EFBC}") = "Oculus.Spatializer.Editor", "Oculus.Spatializer.Editor.csproj", "{91a1a1e9-3e27-5c51-4761-2cbbcc2983fe}"
EndProject
Project("{FAE04EC0-301F-11D3-BF4B-00C04F79EFBC}") = "Oculus.Interaction.InterfaceSupport", "Oculus.Interaction.InterfaceSupport.csproj", "{cd4bf702-cfa3-1bb0-743b-1d2f58d88f4a}"
EndProject
Project("{FAE04EC0-301F-11D3-BF4B-00C04F79EFBC}") = "AssistantCoreSDKEditor", "AssistantCoreSDKEditor.csproj", "{712cf572-13f8-7f8a-b3b8-12fcc6844701}"
EndProject
Global
	GlobalSection(SolutionConfigurationPlatforms) = preSolution
		Debug|Any CPU = Debug|Any CPU
	EndGlobalSection
	GlobalSection(ProjectConfigurationPlatforms) = postSolution
		{b613f1bf-52f9-126d-ed75-587d293fdebd}.Debug|Any CPU.ActiveCfg = Debug|Any CPU
		{b613f1bf-52f9-126d-ed75-587d293fdebd}.Debug|Any CPU.Build.0 = Debug|Any CPU
		{c39ae4d5-0c76-aaaa-2a3b-0a11b2ef3428}.Debug|Any CPU.ActiveCfg = Debug|Any CPU
		{c39ae4d5-0c76-aaaa-2a3b-0a11b2ef3428}.Debug|Any CPU.Build.0 = Debug|Any CPU
		{e935ec72-0f90-80f2-1e4c-9908a960faed}.Debug|Any CPU.ActiveCfg = Debug|Any CPU
		{e935ec72-0f90-80f2-1e4c-9908a960faed}.Debug|Any CPU.Build.0 = Debug|Any CPU
		{25d1f446-d7bf-c218-2815-d5f0aeaabf27}.Debug|Any CPU.ActiveCfg = Debug|Any CPU
		{25d1f446-d7bf-c218-2815-d5f0aeaabf27}.Debug|Any CPU.Build.0 = Debug|Any CPU
		{45f2bc6f-bc8e-cb6f-dfa8-241b6b05d490}.Debug|Any CPU.ActiveCfg = Debug|Any CPU
		{45f2bc6f-bc8e-cb6f-dfa8-241b6b05d490}.Debug|Any CPU.Build.0 = Debug|Any CPU
		{a247af19-8ea9-fd08-6953-7f3f89057870}.Debug|Any CPU.ActiveCfg = Debug|Any CPU
		{a247af19-8ea9-fd08-6953-7f3f89057870}.Debug|Any CPU.Build.0 = Debug|Any CPU
		{ba55592f-79e3-0e45-a63e-c505c949e393}.Debug|Any CPU.ActiveCfg = Debug|Any CPU
		{ba55592f-79e3-0e45-a63e-c505c949e393}.Debug|Any CPU.Build.0 = Debug|Any CPU
		{677fd6a9-19f1-624b-9d3f-00099f237756}.Debug|Any CPU.ActiveCfg = Debug|Any CPU
		{677fd6a9-19f1-624b-9d3f-00099f237756}.Debug|Any CPU.Build.0 = Debug|Any CPU
		{3be1d551-ddb7-7c42-a150-add0c0e6845c}.Debug|Any CPU.ActiveCfg = Debug|Any CPU
		{3be1d551-ddb7-7c42-a150-add0c0e6845c}.Debug|Any CPU.Build.0 = Debug|Any CPU
		{5b590b96-2d67-83d4-6341-e982e0619249}.Debug|Any CPU.ActiveCfg = Debug|Any CPU
		{5b590b96-2d67-83d4-6341-e982e0619249}.Debug|Any CPU.Build.0 = Debug|Any CPU
		{68c78fb5-6736-e6e7-b95f-85316a7a843d}.Debug|Any CPU.ActiveCfg = Debug|Any CPU
		{68c78fb5-6736-e6e7-b95f-85316a7a843d}.Debug|Any CPU.Build.0 = Debug|Any CPU
		{2092f015-2b17-3f0b-6e2e-3972999401ce}.Debug|Any CPU.ActiveCfg = Debug|Any CPU
		{2092f015-2b17-3f0b-6e2e-3972999401ce}.Debug|Any CPU.Build.0 = Debug|Any CPU
		{52f2dae7-77c0-3378-2407-33fb30136b6a}.Debug|Any CPU.ActiveCfg = Debug|Any CPU
		{52f2dae7-77c0-3378-2407-33fb30136b6a}.Debug|Any CPU.Build.0 = Debug|Any CPU
		{23c7d45c-9f65-985d-bc95-9bbee95d4b70}.Debug|Any CPU.ActiveCfg = Debug|Any CPU
		{23c7d45c-9f65-985d-bc95-9bbee95d4b70}.Debug|Any CPU.Build.0 = Debug|Any CPU
		{dd5e4d3c-1a04-b16a-6223-f01de8af998c}.Debug|Any CPU.ActiveCfg = Debug|Any CPU
		{dd5e4d3c-1a04-b16a-6223-f01de8af998c}.Debug|Any CPU.Build.0 = Debug|Any CPU
		{72267e55-5d36-255b-089b-26b05a9f9c03}.Debug|Any CPU.ActiveCfg = Debug|Any CPU
		{72267e55-5d36-255b-089b-26b05a9f9c03}.Debug|Any CPU.Build.0 = Debug|Any CPU
		{0e03f2c7-9f8e-7771-15ca-33d5881eb0e2}.Debug|Any CPU.ActiveCfg = Debug|Any CPU
		{0e03f2c7-9f8e-7771-15ca-33d5881eb0e2}.Debug|Any CPU.Build.0 = Debug|Any CPU
		{d0a6389d-c7ab-3ed3-4bd8-359f523e40b3}.Debug|Any CPU.ActiveCfg = Debug|Any CPU
		{d0a6389d-c7ab-3ed3-4bd8-359f523e40b3}.Debug|Any CPU.Build.0 = Debug|Any CPU
		{1aa4e8cf-d983-9e83-e42a-601361280083}.Debug|Any CPU.ActiveCfg = Debug|Any CPU
		{1aa4e8cf-d983-9e83-e42a-601361280083}.Debug|Any CPU.Build.0 = Debug|Any CPU
		{8c95565e-4d37-c3a6-deaa-1440044b6e81}.Debug|Any CPU.ActiveCfg = Debug|Any CPU
		{8c95565e-4d37-c3a6-deaa-1440044b6e81}.Debug|Any CPU.Build.0 = Debug|Any CPU
		{997d17d7-883c-22b8-38cd-0d0a81f9ce69}.Debug|Any CPU.ActiveCfg = Debug|Any CPU
		{997d17d7-883c-22b8-38cd-0d0a81f9ce69}.Debug|Any CPU.Build.0 = Debug|Any CPU
		{734f4f63-2226-78fa-f9b2-673d31a15bd8}.Debug|Any CPU.ActiveCfg = Debug|Any CPU
		{734f4f63-2226-78fa-f9b2-673d31a15bd8}.Debug|Any CPU.Build.0 = Debug|Any CPU
		{54e60230-3b50-0203-c231-d3c6bca20663}.Debug|Any CPU.ActiveCfg = Debug|Any CPU
		{54e60230-3b50-0203-c231-d3c6bca20663}.Debug|Any CPU.Build.0 = Debug|Any CPU
		{e28b2915-6543-d4d9-72f2-4a4623554a64}.Debug|Any CPU.ActiveCfg = Debug|Any CPU
		{e28b2915-6543-d4d9-72f2-4a4623554a64}.Debug|Any CPU.Build.0 = Debug|Any CPU
		{91a1a1e9-3e27-5c51-4761-2cbbcc2983fe}.Debug|Any CPU.ActiveCfg = Debug|Any CPU
		{91a1a1e9-3e27-5c51-4761-2cbbcc2983fe}.Debug|Any CPU.Build.0 = Debug|Any CPU
		{cd4bf702-cfa3-1bb0-743b-1d2f58d88f4a}.Debug|Any CPU.ActiveCfg = Debug|Any CPU
		{cd4bf702-cfa3-1bb0-743b-1d2f58d88f4a}.Debug|Any CPU.Build.0 = Debug|Any CPU
		{712cf572-13f8-7f8a-b3b8-12fcc6844701}.Debug|Any CPU.ActiveCfg = Debug|Any CPU
		{712cf572-13f8-7f8a-b3b8-12fcc6844701}.Debug|Any CPU.Build.0 = Debug|Any CPU
	EndGlobalSection
	GlobalSection(SolutionProperties) = preSolution
		HideSolutionNode = FALSE
	EndGlobalSection
EndGlobal
